// !$*UTF8*$!
{
	archiveVersion = 1;
	classes = {
	};
	objectVersion = 55;
	objects = {

/* Begin PBXBuildFile section */
		4926B714279C338B00A5D5DF /* Helper.swift in Sources */ = {isa = PBXBuildFile; fileRef = 4926B713279C338B00A5D5DF /* Helper.swift */; };
		49B732002796FE5F0074476E /* AppDelegate.swift in Sources */ = {isa = PBXBuildFile; fileRef = 49B731FF2796FE5F0074476E /* AppDelegate.swift */; };
		49B732022796FE5F0074476E /* SceneDelegate.swift in Sources */ = {isa = PBXBuildFile; fileRef = 49B732012796FE5F0074476E /* SceneDelegate.swift */; };
		49B732042796FE5F0074476E /* ViewController.swift in Sources */ = {isa = PBXBuildFile; fileRef = 49B732032796FE5F0074476E /* ViewController.swift */; };
		49B732072796FE5F0074476E /* Main.storyboard in Resources */ = {isa = PBXBuildFile; fileRef = 49B732052796FE5F0074476E /* Main.storyboard */; };
		49B732092796FE620074476E /* Assets.xcassets in Resources */ = {isa = PBXBuildFile; fileRef = 49B732082796FE620074476E /* Assets.xcassets */; };
		49B7320C2796FE620074476E /* LaunchScreen.storyboard in Resources */ = {isa = PBXBuildFile; fileRef = 49B7320A2796FE620074476E /* LaunchScreen.storyboard */; };
		49B732142796FEEA0074476E /* Podfile in Resources */ = {isa = PBXBuildFile; fileRef = 49B732132796FEEA0074476E /* Podfile */; };
		49B732182797F7320074476E /* CollectionViewController.swift in Sources */ = {isa = PBXBuildFile; fileRef = 49B732172797F7320074476E /* CollectionViewController.swift */; };
		49B7321C2797F8860074476E /* HostState.swift in Sources */ = {isa = PBXBuildFile; fileRef = 49B7321B2797F8860074476E /* HostState.swift */; };
		49B732202798324F0074476E /* CollectionViewCell.swift in Sources */ = {isa = PBXBuildFile; fileRef = 49B7321F2798324F0074476E /* CollectionViewCell.swift */; };
		AC0487FC34D167E01B6C1086 /* Pods_slnovaios.framework in Frameworks */ = {isa = PBXBuildFile; fileRef = 0E6967AA723E464059362592 /* Pods_slnovaios.framework */; };
/* End PBXBuildFile section */

/* Begin PBXFileReference section */
		0E6967AA723E464059362592 /* Pods_slnovaios.framework */ = {isa = PBXFileReference; explicitFileType = wrapper.framework; includeInIndex = 0; path = Pods_slnovaios.framework; sourceTree = BUILT_PRODUCTS_DIR; };
		4926B713279C338B00A5D5DF /* Helper.swift */ = {isa = PBXFileReference; lastKnownFileType = sourcecode.swift; path = Helper.swift; sourceTree = "<group>"; };
		49B731FC2796FE5F0074476E /* slnovaios.app */ = {isa = PBXFileReference; explicitFileType = wrapper.application; includeInIndex = 0; path = slnovaios.app; sourceTree = BUILT_PRODUCTS_DIR; };
		49B731FF2796FE5F0074476E /* AppDelegate.swift */ = {isa = PBXFileReference; lastKnownFileType = sourcecode.swift; path = AppDelegate.swift; sourceTree = "<group>"; };
		49B732012796FE5F0074476E /* SceneDelegate.swift */ = {isa = PBXFileReference; lastKnownFileType = sourcecode.swift; path = SceneDelegate.swift; sourceTree = "<group>"; };
		49B732032796FE5F0074476E /* ViewController.swift */ = {isa = PBXFileReference; lastKnownFileType = sourcecode.swift; path = ViewController.swift; sourceTree = "<group>"; };
		49B732062796FE5F0074476E /* Base */ = {isa = PBXFileReference; lastKnownFileType = file.storyboard; name = Base; path = Base.lproj/Main.storyboard; sourceTree = "<group>"; };
		49B732082796FE620074476E /* Assets.xcassets */ = {isa = PBXFileReference; lastKnownFileType = folder.assetcatalog; path = Assets.xcassets; sourceTree = "<group>"; };
		49B7320B2796FE620074476E /* Base */ = {isa = PBXFileReference; lastKnownFileType = file.storyboard; name = Base; path = Base.lproj/LaunchScreen.storyboard; sourceTree = "<group>"; };
		49B7320D2796FE620074476E /* Info.plist */ = {isa = PBXFileReference; lastKnownFileType = text.plist.xml; path = Info.plist; sourceTree = "<group>"; };
		49B732132796FEEA0074476E /* Podfile */ = {isa = PBXFileReference; lastKnownFileType = text; path = Podfile; sourceTree = "<group>"; };
		49B732172797F7320074476E /* CollectionViewController.swift */ = {isa = PBXFileReference; lastKnownFileType = sourcecode.swift; path = CollectionViewController.swift; sourceTree = "<group>"; };
		49B7321B2797F8860074476E /* HostState.swift */ = {isa = PBXFileReference; lastKnownFileType = sourcecode.swift; path = HostState.swift; sourceTree = "<group>"; };
		49B7321F2798324F0074476E /* CollectionViewCell.swift */ = {isa = PBXFileReference; lastKnownFileType = sourcecode.swift; path = CollectionViewCell.swift; sourceTree = "<group>"; };
		C0A914C0AA97466F87D3A2AD /* Pods-slnovaios.release.xcconfig */ = {isa = PBXFileReference; includeInIndex = 1; lastKnownFileType = text.xcconfig; name = "Pods-slnovaios.release.xcconfig"; path = "Target Support Files/Pods-slnovaios/Pods-slnovaios.release.xcconfig"; sourceTree = "<group>"; };
		D14BC14613560EB3937E1063 /* Pods-slnovaios.debug.xcconfig */ = {isa = PBXFileReference; includeInIndex = 1; lastKnownFileType = text.xcconfig; name = "Pods-slnovaios.debug.xcconfig"; path = "Target Support Files/Pods-slnovaios/Pods-slnovaios.debug.xcconfig"; sourceTree = "<group>"; };
/* End PBXFileReference section */

/* Begin PBXFrameworksBuildPhase section */
		49B731F92796FE5F0074476E /* Frameworks */ = {
			isa = PBXFrameworksBuildPhase;
			buildActionMask = 2147483647;
			files = (
				AC0487FC34D167E01B6C1086 /* Pods_slnovaios.framework in Frameworks */,
			);
			runOnlyForDeploymentPostprocessing = 0;
		};
/* End PBXFrameworksBuildPhase section */

/* Begin PBXGroup section */
		49B731F32796FE5F0074476E = {
			isa = PBXGroup;
			children = (
				49B732132796FEEA0074476E /* Podfile */,
				49B731FE2796FE5F0074476E /* slnovaios */,
				49B731FD2796FE5F0074476E /* Products */,
				C26FE83839C1CA5727DD86A8 /* Pods */,
				F97F8B59DD530D6FD1EBC8EA /* Frameworks */,
			);
			sourceTree = "<group>";
		};
		49B731FD2796FE5F0074476E /* Products */ = {
			isa = PBXGroup;
			children = (
				49B731FC2796FE5F0074476E /* slnovaios.app */,
			);
			name = Products;
			sourceTree = "<group>";
		};
		49B731FE2796FE5F0074476E /* slnovaios */ = {
			isa = PBXGroup;
			children = (
				49B731FF2796FE5F0074476E /* AppDelegate.swift */,
				49B732012796FE5F0074476E /* SceneDelegate.swift */,
				49B732032796FE5F0074476E /* ViewController.swift */,
				49B732052796FE5F0074476E /* Main.storyboard */,
				49B732082796FE620074476E /* Assets.xcassets */,
				49B7320A2796FE620074476E /* LaunchScreen.storyboard */,
				49B7320D2796FE620074476E /* Info.plist */,
				49B732172797F7320074476E /* CollectionViewController.swift */,
				49B7321B2797F8860074476E /* HostState.swift */,
				49B7321F2798324F0074476E /* CollectionViewCell.swift */,
				4926B713279C338B00A5D5DF /* Helper.swift */,
			);
			path = slnovaios;
			sourceTree = "<group>";
		};
		C26FE83839C1CA5727DD86A8 /* Pods */ = {
			isa = PBXGroup;
			children = (
				D14BC14613560EB3937E1063 /* Pods-slnovaios.debug.xcconfig */,
				C0A914C0AA97466F87D3A2AD /* Pods-slnovaios.release.xcconfig */,
			);
			path = Pods;
			sourceTree = "<group>";
		};
		F97F8B59DD530D6FD1EBC8EA /* Frameworks */ = {
			isa = PBXGroup;
			children = (
				0E6967AA723E464059362592 /* Pods_slnovaios.framework */,
			);
			name = Frameworks;
			sourceTree = "<group>";
		};
/* End PBXGroup section */

/* Begin PBXNativeTarget section */
		49B731FB2796FE5F0074476E /* slnovaios */ = {
			isa = PBXNativeTarget;
			buildConfigurationList = 49B732102796FE620074476E /* Build configuration list for PBXNativeTarget "slnovaios" */;
			buildPhases = (
				3EB9BA878000B432EA7B1079 /* [CP] Check Pods Manifest.lock */,
				49B731F82796FE5F0074476E /* Sources */,
				49B731F92796FE5F0074476E /* Frameworks */,
				49B731FA2796FE5F0074476E /* Resources */,
				A55716A31D03939F551400D8 /* [CP] Embed Pods Frameworks */,
			);
			buildRules = (
			);
			dependencies = (
			);
			name = slnovaios;
			productName = slnovaios;
			productReference = 49B731FC2796FE5F0074476E /* slnovaios.app */;
			productType = "com.apple.product-type.application";
		};
/* End PBXNativeTarget section */

/* Begin PBXProject section */
		49B731F42796FE5F0074476E /* Project object */ = {
			isa = PBXProject;
			attributes = {
				BuildIndependentTargetsInParallel = 1;
				LastSwiftUpdateCheck = 1320;
				LastUpgradeCheck = 1320;
				TargetAttributes = {
					49B731FB2796FE5F0074476E = {
						CreatedOnToolsVersion = 13.2.1;
					};
				};
			};
			buildConfigurationList = 49B731F72796FE5F0074476E /* Build configuration list for PBXProject "slnovaios" */;
			compatibilityVersion = "Xcode 13.0";
			developmentRegion = en;
			hasScannedForEncodings = 0;
			knownRegions = (
				en,
				Base,
			);
			mainGroup = 49B731F32796FE5F0074476E;
			productRefGroup = 49B731FD2796FE5F0074476E /* Products */;
			projectDirPath = "";
			projectRoot = "";
			targets = (
				49B731FB2796FE5F0074476E /* slnovaios */,
			);
		};
/* End PBXProject section */

/* Begin PBXResourcesBuildPhase section */
		49B731FA2796FE5F0074476E /* Resources */ = {
			isa = PBXResourcesBuildPhase;
			buildActionMask = 2147483647;
			files = (
				49B7320C2796FE620074476E /* LaunchScreen.storyboard in Resources */,
				49B732092796FE620074476E /* Assets.xcassets in Resources */,
				49B732142796FEEA0074476E /* Podfile in Resources */,
				49B732072796FE5F0074476E /* Main.storyboard in Resources */,
			);
			runOnlyForDeploymentPostprocessing = 0;
		};
/* End PBXResourcesBuildPhase section */

/* Begin PBXShellScriptBuildPhase section */
		3EB9BA878000B432EA7B1079 /* [CP] Check Pods Manifest.lock */ = {
			isa = PBXShellScriptBuildPhase;
			buildActionMask = 2147483647;
			files = (
			);
			inputFileListPaths = (
			);
			inputPaths = (
				"${PODS_PODFILE_DIR_PATH}/Podfile.lock",
				"${PODS_ROOT}/Manifest.lock",
			);
			name = "[CP] Check Pods Manifest.lock";
			outputFileListPaths = (
			);
			outputPaths = (
				"$(DERIVED_FILE_DIR)/Pods-slnovaios-checkManifestLockResult.txt",
			);
			runOnlyForDeploymentPostprocessing = 0;
			shellPath = /bin/sh;
			shellScript = "diff \"${PODS_PODFILE_DIR_PATH}/Podfile.lock\" \"${PODS_ROOT}/Manifest.lock\" > /dev/null\nif [ $? != 0 ] ; then\n    # print error to STDERR\n    echo \"error: The sandbox is not in sync with the Podfile.lock. Run 'pod install' or update your CocoaPods installation.\" >&2\n    exit 1\nfi\n# This output is used by Xcode 'outputs' to avoid re-running this script phase.\necho \"SUCCESS\" > \"${SCRIPT_OUTPUT_FILE_0}\"\n";
			showEnvVarsInLog = 0;
		};
		A55716A31D03939F551400D8 /* [CP] Embed Pods Frameworks */ = {
			isa = PBXShellScriptBuildPhase;
			buildActionMask = 2147483647;
			files = (
			);
			inputFileListPaths = (
				"${PODS_ROOT}/Target Support Files/Pods-slnovaios/Pods-slnovaios-frameworks-${CONFIGURATION}-input-files.xcfilelist",
			);
			name = "[CP] Embed Pods Frameworks";
			outputFileListPaths = (
				"${PODS_ROOT}/Target Support Files/Pods-slnovaios/Pods-slnovaios-frameworks-${CONFIGURATION}-output-files.xcfilelist",
			);
			runOnlyForDeploymentPostprocessing = 0;
			shellPath = /bin/sh;
			shellScript = "\"${PODS_ROOT}/Target Support Files/Pods-slnovaios/Pods-slnovaios-frameworks.sh\"\n";
			showEnvVarsInLog = 0;
		};
/* End PBXShellScriptBuildPhase section */

/* Begin PBXSourcesBuildPhase section */
		49B731F82796FE5F0074476E /* Sources */ = {
			isa = PBXSourcesBuildPhase;
			buildActionMask = 2147483647;
			files = (
				49B732182797F7320074476E /* CollectionViewController.swift in Sources */,
				4926B714279C338B00A5D5DF /* Helper.swift in Sources */,
				49B732042796FE5F0074476E /* ViewController.swift in Sources */,
				49B7321C2797F8860074476E /* HostState.swift in Sources */,
				49B732202798324F0074476E /* CollectionViewCell.swift in Sources */,
				49B732002796FE5F0074476E /* AppDelegate.swift in Sources */,
				49B732022796FE5F0074476E /* SceneDelegate.swift in Sources */,
			);
			runOnlyForDeploymentPostprocessing = 0;
		};
/* End PBXSourcesBuildPhase section */

/* Begin PBXVariantGroup section */
		49B732052796FE5F0074476E /* Main.storyboard */ = {
			isa = PBXVariantGroup;
			children = (
				49B732062796FE5F0074476E /* Base */,
			);
			name = Main.storyboard;
			sourceTree = "<group>";
		};
		49B7320A2796FE620074476E /* LaunchScreen.storyboard */ = {
			isa = PBXVariantGroup;
			children = (
				49B7320B2796FE620074476E /* Base */,
			);
			name = LaunchScreen.storyboard;
			sourceTree = "<group>";
		};
/* End PBXVariantGroup section */

/* Begin XCBuildConfiguration section */
		49B7320E2796FE620074476E /* Debug */ = {
			isa = XCBuildConfiguration;
			buildSettings = {
				ALWAYS_SEARCH_USER_PATHS = NO;
				CLANG_ANALYZER_NONNULL = YES;
				CLANG_ANALYZER_NUMBER_OBJECT_CONVERSION = YES_AGGRESSIVE;
				CLANG_CXX_LANGUAGE_STANDARD = "gnu++17";
				CLANG_CXX_LIBRARY = "libc++";
				CLANG_ENABLE_MODULES = YES;
				CLANG_ENABLE_OBJC_ARC = YES;
				CLANG_ENABLE_OBJC_WEAK = YES;
				CLANG_WARN_BLOCK_CAPTURE_AUTORELEASING = YES;
				CLANG_WARN_BOOL_CONVERSION = YES;
				CLANG_WARN_COMMA = YES;
				CLANG_WARN_CONSTANT_CONVERSION = YES;
				CLANG_WARN_DEPRECATED_OBJC_IMPLEMENTATIONS = YES;
				CLANG_WARN_DIRECT_OBJC_ISA_USAGE = YES_ERROR;
				CLANG_WARN_DOCUMENTATION_COMMENTS = YES;
				CLANG_WARN_EMPTY_BODY = YES;
				CLANG_WARN_ENUM_CONVERSION = YES;
				CLANG_WARN_INFINITE_RECURSION = YES;
				CLANG_WARN_INT_CONVERSION = YES;
				CLANG_WARN_NON_LITERAL_NULL_CONVERSION = YES;
				CLANG_WARN_OBJC_IMPLICIT_RETAIN_SELF = YES;
				CLANG_WARN_OBJC_LITERAL_CONVERSION = YES;
				CLANG_WARN_OBJC_ROOT_CLASS = YES_ERROR;
				CLANG_WARN_QUOTED_INCLUDE_IN_FRAMEWORK_HEADER = YES;
				CLANG_WARN_RANGE_LOOP_ANALYSIS = YES;
				CLANG_WARN_STRICT_PROTOTYPES = YES;
				CLANG_WARN_SUSPICIOUS_MOVE = YES;
				CLANG_WARN_UNGUARDED_AVAILABILITY = YES_AGGRESSIVE;
				CLANG_WARN_UNREACHABLE_CODE = YES;
				CLANG_WARN__DUPLICATE_METHOD_MATCH = YES;
				COPY_PHASE_STRIP = NO;
				DEBUG_INFORMATION_FORMAT = dwarf;
				ENABLE_STRICT_OBJC_MSGSEND = YES;
				ENABLE_TESTABILITY = YES;
				GCC_C_LANGUAGE_STANDARD = gnu11;
				GCC_DYNAMIC_NO_PIC = NO;
				GCC_NO_COMMON_BLOCKS = YES;
				GCC_OPTIMIZATION_LEVEL = 0;
				GCC_PREPROCESSOR_DEFINITIONS = (
					"DEBUG=1",
					"$(inherited)",
				);
				GCC_WARN_64_TO_32_BIT_CONVERSION = YES;
				GCC_WARN_ABOUT_RETURN_TYPE = YES_ERROR;
				GCC_WARN_UNDECLARED_SELECTOR = YES;
				GCC_WARN_UNINITIALIZED_AUTOS = YES_AGGRESSIVE;
				GCC_WARN_UNUSED_FUNCTION = YES;
				GCC_WARN_UNUSED_VARIABLE = YES;
				IPHONEOS_DEPLOYMENT_TARGET = 15.2;
				MTL_ENABLE_DEBUG_INFO = INCLUDE_SOURCE;
				MTL_FAST_MATH = YES;
				ONLY_ACTIVE_ARCH = YES;
				SDKROOT = iphoneos;
				SWIFT_ACTIVE_COMPILATION_CONDITIONS = DEBUG;
				SWIFT_OPTIMIZATION_LEVEL = "-Onone";
			};
			name = Debug;
		};
		49B7320F2796FE620074476E /* Release */ = {
			isa = XCBuildConfiguration;
			buildSettings = {
				ALWAYS_SEARCH_USER_PATHS = NO;
				CLANG_ANALYZER_NONNULL = YES;
				CLANG_ANALYZER_NUMBER_OBJECT_CONVERSION = YES_AGGRESSIVE;
				CLANG_CXX_LANGUAGE_STANDARD = "gnu++17";
				CLANG_CXX_LIBRARY = "libc++";
				CLANG_ENABLE_MODULES = YES;
				CLANG_ENABLE_OBJC_ARC = YES;
				CLANG_ENABLE_OBJC_WEAK = YES;
				CLANG_WARN_BLOCK_CAPTURE_AUTORELEASING = YES;
				CLANG_WARN_BOOL_CONVERSION = YES;
				CLANG_WARN_COMMA = YES;
				CLANG_WARN_CONSTANT_CONVERSION = YES;
				CLANG_WARN_DEPRECATED_OBJC_IMPLEMENTATIONS = YES;
				CLANG_WARN_DIRECT_OBJC_ISA_USAGE = YES_ERROR;
				CLANG_WARN_DOCUMENTATION_COMMENTS = YES;
				CLANG_WARN_EMPTY_BODY = YES;
				CLANG_WARN_ENUM_CONVERSION = YES;
				CLANG_WARN_INFINITE_RECURSION = YES;
				CLANG_WARN_INT_CONVERSION = YES;
				CLANG_WARN_NON_LITERAL_NULL_CONVERSION = YES;
				CLANG_WARN_OBJC_IMPLICIT_RETAIN_SELF = YES;
				CLANG_WARN_OBJC_LITERAL_CONVERSION = YES;
				CLANG_WARN_OBJC_ROOT_CLASS = YES_ERROR;
				CLANG_WARN_QUOTED_INCLUDE_IN_FRAMEWORK_HEADER = YES;
				CLANG_WARN_RANGE_LOOP_ANALYSIS = YES;
				CLANG_WARN_STRICT_PROTOTYPES = YES;
				CLANG_WARN_SUSPICIOUS_MOVE = YES;
				CLANG_WARN_UNGUARDED_AVAILABILITY = YES_AGGRESSIVE;
				CLANG_WARN_UNREACHABLE_CODE = YES;
				CLANG_WARN__DUPLICATE_METHOD_MATCH = YES;
				COPY_PHASE_STRIP = NO;
				DEBUG_INFORMATION_FORMAT = "dwarf-with-dsym";
				ENABLE_NS_ASSERTIONS = NO;
				ENABLE_STRICT_OBJC_MSGSEND = YES;
				GCC_C_LANGUAGE_STANDARD = gnu11;
				GCC_NO_COMMON_BLOCKS = YES;
				GCC_WARN_64_TO_32_BIT_CONVERSION = YES;
				GCC_WARN_ABOUT_RETURN_TYPE = YES_ERROR;
				GCC_WARN_UNDECLARED_SELECTOR = YES;
				GCC_WARN_UNINITIALIZED_AUTOS = YES_AGGRESSIVE;
				GCC_WARN_UNUSED_FUNCTION = YES;
				GCC_WARN_UNUSED_VARIABLE = YES;
				IPHONEOS_DEPLOYMENT_TARGET = 15.2;
				MTL_ENABLE_DEBUG_INFO = NO;
				MTL_FAST_MATH = YES;
				SDKROOT = iphoneos;
				SWIFT_COMPILATION_MODE = wholemodule;
				SWIFT_OPTIMIZATION_LEVEL = "-O";
				VALIDATE_PRODUCT = YES;
			};
			name = Release;
		};
		49B732112796FE620074476E /* Debug */ = {
			isa = XCBuildConfiguration;
			baseConfigurationReference = D14BC14613560EB3937E1063 /* Pods-slnovaios.debug.xcconfig */;
			buildSettings = {
				ASSETCATALOG_COMPILER_APPICON_NAME = AppIcon;
				ASSETCATALOG_COMPILER_GLOBAL_ACCENT_COLOR_NAME = AccentColor;
				CODE_SIGN_STYLE = Automatic;
				CURRENT_PROJECT_VERSION = 1;
				DEVELOPMENT_TEAM = QXK2SWBXZ7;
				GENERATE_INFOPLIST_FILE = YES;
				INFOPLIST_FILE = slnovaios/Info.plist;
				INFOPLIST_KEY_UIApplicationSupportsIndirectInputEvents = YES;
				INFOPLIST_KEY_UILaunchStoryboardName = LaunchScreen;
				INFOPLIST_KEY_UIMainStoryboardFile = Main;
				INFOPLIST_KEY_UISupportedInterfaceOrientations_iPad = "UIInterfaceOrientationPortrait UIInterfaceOrientationPortraitUpsideDown UIInterfaceOrientationLandscapeLeft UIInterfaceOrientationLandscapeRight";
				INFOPLIST_KEY_UISupportedInterfaceOrientations_iPhone = "UIInterfaceOrientationPortrait UIInterfaceOrientationLandscapeLeft UIInterfaceOrientationLandscapeRight";
				LD_RUNPATH_SEARCH_PATHS = (
					"$(inherited)",
					"@executable_path/Frameworks",
				);
				MARKETING_VERSION = 1.0;
				PRODUCT_BUNDLE_IDENTIFIER = com.jcwang.slnovaios;
				PRODUCT_NAME = "$(TARGET_NAME)";
				SWIFT_EMIT_LOC_STRINGS = YES;
				SWIFT_VERSION = 5.0;
				TARGETED_DEVICE_FAMILY = "1,2";
			};
			name = Debug;
		};
		49B732122796FE620074476E /* Release */ = {
			isa = XCBuildConfiguration;
			baseConfigurationReference = C0A914C0AA97466F87D3A2AD /* Pods-slnovaios.release.xcconfig */;
			buildSettings = {
				ASSETCATALOG_COMPILER_APPICON_NAME = AppIcon;
				ASSETCATALOG_COMPILER_GLOBAL_ACCENT_COLOR_NAME = AccentColor;
				CODE_SIGN_STYLE = Automatic;
				CURRENT_PROJECT_VERSION = 1;
				DEVELOPMENT_TEAM = QXK2SWBXZ7;
				GENERATE_INFOPLIST_FILE = YES;
				INFOPLIST_FILE = slnovaios/Info.plist;
				INFOPLIST_KEY_UIApplicationSupportsIndirectInputEvents = YES;
				INFOPLIST_KEY_UILaunchStoryboardName = LaunchScreen;
				INFOPLIST_KEY_UIMainStoryboardFile = Main;
				INFOPLIST_KEY_UISupportedInterfaceOrientations_iPad = "UIInterfaceOrientationPortrait UIInterfaceOrientationPortraitUpsideDown UIInterfaceOrientationLandscapeLeft UIInterfaceOrientationLandscapeRight";
				INFOPLIST_KEY_UISupportedInterfaceOrientations_iPhone = "UIInterfaceOrientationPortrait UIInterfaceOrientationLandscapeLeft UIInterfaceOrientationLandscapeRight";
				LD_RUNPATH_SEARCH_PATHS = (
					"$(inherited)",
					"@executable_path/Frameworks",
				);
				MARKETING_VERSION = 1.0;
				PRODUCT_BUNDLE_IDENTIFIER = com.jcwang.slnovaios;
				PRODUCT_NAME = "$(TARGET_NAME)";
				SWIFT_EMIT_LOC_STRINGS = YES;
				SWIFT_VERSION = 5.0;
				TARGETED_DEVICE_FAMILY = "1,2";
			};
			name = Release;
		};
/* End XCBuildConfiguration section */

/* Begin XCConfigurationList section */
		49B731F72796FE5F0074476E /* Build configuration list for PBXProject "slnovaios" */ = {
			isa = XCConfigurationList;
			buildConfigurations = (
				49B7320E2796FE620074476E /* Debug */,
				49B7320F2796FE620074476E /* Release */,
			);
			defaultConfigurationIsVisible = 0;
			defaultConfigurationName = Release;
		};
		49B732102796FE620074476E /* Build configuration list for PBXNativeTarget "slnovaios" */ = {
			isa = XCConfigurationList;
			buildConfigurations = (
				49B732112796FE620074476E /* Debug */,
				49B732122796FE620074476E /* Release */,
			);
			defaultConfigurationIsVisible = 0;
			defaultConfigurationName = Release;
		};
/* End XCConfigurationList section */
	};
	rootObject = 49B731F42796FE5F0074476E /* Project object */;
}
